{
  "requires": true,
  "lockfileVersion": 1,
  "dependencies": {
    "highcharts": {
      "version": "10.1.0",
      "resolved": "https://registry.npmjs.org/highcharts/-/highcharts-10.1.0.tgz",
      "integrity": "sha512-gW/pzy/Qy/hiYeCflYHpwgsP2nqQavwuRUswRf+papmbutZ3I7K7AIZJ/yZ9NL5yzpF7X7r2dX7/nzZGN4A1rg=="
    },
    "moment": {
      "version": "2.29.3",
      "resolved": "https://registry.npmjs.org/moment/-/moment-2.29.3.tgz",
      "integrity": "sha512-c6YRvhEo//6T2Jz/vVtYzqBzwvPT95JBQ+smCytzf7c50oMZRsR/a4w88aD34I+/QVSfnoAnSBFPJHItlOMJVw=="
    }
  }
}
